
Microsoft Visual Studio Solution File, Format Version 12.00
Project("{FAE04EC0-301F-11D3-BF4B-00C04F79EFBC}") = "Ex1", "Ex1\Ex1.csproj", "{935A2473-B514-4641-BB90-19C5BD675276}"
EndProject
Global
	GlobalSection(SolutionConfigurationPlatforms) = preSolution
		Debug|Any CPU = Debug|Any CPU
		Release|Any CPU = Release|Any CPU
	EndGlobalSection
	GlobalSection(ProjectConfigurationPlatforms) = postSolution
		{935A2473-B514-4641-BB90-19C5BD675276}.Debug|Any CPU.ActiveCfg = Debug|Any CPU
		{935A2473-B514-4641-BB90-19C5BD675276}.Debug|Any CPU.Build.0 = Debug|Any CPU
		{935A2473-B514-4641-BB90-19C5BD675276}.Release|Any CPU.ActiveCfg = Release|Any CPU
		{935A2473-B514-4641-BB90-19C5BD675276}.Release|Any CPU.Build.0 = Release|Any CPU
	EndGlobalSection
EndGlobal
