
Microsoft Visual Studio Solution File, Format Version 12.00
Project("{FAE04EC0-301F-11D3-BF4B-00C04F79EFBC}") = "WebApplication", "WebApplication\WebApplication.csproj", "{DE47073E-5CED-41C9-AB43-C201BE6CFD63}"
EndProject
Project("{FAE04EC0-301F-11D3-BF4B-00C04F79EFBC}") = "CalculatorService", "..\..\..\AllWorkshops\code\Calculator\CalculatorService\CalculatorService.csproj", "{9B51CE72-29F6-4CDE-A121-8B331CB6364E}"
EndProject
Global
	GlobalSection(SolutionConfigurationPlatforms) = preSolution
		Debug|Any CPU = Debug|Any CPU
		Release|Any CPU = Release|Any CPU
	EndGlobalSection
	GlobalSection(ProjectConfigurationPlatforms) = postSolution
		{DE47073E-5CED-41C9-AB43-C201BE6CFD63}.Debug|Any CPU.ActiveCfg = Debug|Any CPU
		{DE47073E-5CED-41C9-AB43-C201BE6CFD63}.Debug|Any CPU.Build.0 = Debug|Any CPU
		{DE47073E-5CED-41C9-AB43-C201BE6CFD63}.Release|Any CPU.ActiveCfg = Release|Any CPU
		{DE47073E-5CED-41C9-AB43-C201BE6CFD63}.Release|Any CPU.Build.0 = Release|Any CPU
		{9B51CE72-29F6-4CDE-A121-8B331CB6364E}.Debug|Any CPU.ActiveCfg = Debug|Any CPU
		{9B51CE72-29F6-4CDE-A121-8B331CB6364E}.Debug|Any CPU.Build.0 = Debug|Any CPU
		{9B51CE72-29F6-4CDE-A121-8B331CB6364E}.Release|Any CPU.ActiveCfg = Release|Any CPU
		{9B51CE72-29F6-4CDE-A121-8B331CB6364E}.Release|Any CPU.Build.0 = Release|Any CPU
	EndGlobalSection
EndGlobal
